github.com/IngenieroRicardo/gtk v0.0.0-20250709190923-37a789e7932c h1:DOROnobNIJ6fS/aM2CMtXKBkx6IaYcn/ufEWa21C2MQ=
github.com/IngenieroRicardo/gtk v0.0.0-20250709190923-37a789e7932c/go.mod h1:WnF6Mi3N/8mWLuGo1QkyYj1qVevY807HKzNplu2mPCQ=
github.com/IngenieroRicardo/gtk v0.0.0-20250717125447-e0a5de95eee2 h1:D8JWX/P23frjR3XRXkjIUs7antmmZvnjMXODIQwg7gs=
github.com/IngenieroRicardo/gtk v0.0.0-20250717125447-e0a5de95eee2/go.mod h1:WnF6Mi3N/8mWLuGo1QkyYj1qVevY807HKzNplu2mPCQ=
