github.com/IngenieroRicardo/gtk v0.0.0-20250703143126-71aba0ba67dd h1:TS3F1wb94kKkOJ1h4htxLy/OUWfE8efzO0GGCfSt/lc=
github.com/IngenieroRicardo/gtk v0.0.0-20250703143126-71aba0ba67dd/go.mod h1:WnF6Mi3N/8mWLuGo1QkyYj1qVevY807HKzNplu2mPCQ=
github.com/IngenieroRicardo/gtk v0.0.0-20250707172827-a6d3b80c33e5 h1:1HC55TdE+yYuBH9iadGbPuKaHL+kZBI9FOvLiRV98fA=
github.com/IngenieroRicardo/gtk v0.0.0-20250707172827-a6d3b80c33e5/go.mod h1:WnF6Mi3N/8mWLuGo1QkyYj1qVevY807HKzNplu2mPCQ=
